
Microsoft Visual Studio Solution File, Format Version 12.00
# Visual Studio Version 17
VisualStudioVersion = 17.3.32922.545
MinimumVisualStudioVersion = 10.0.40219.1
Project("{FAE04EC0-301F-11D3-BF4B-00C04F79EFBC}") = "EmpPayroll", "EmpPayroll\EmpPayroll.csproj", "{501DF3E7-543C-4C02-A6A3-5FA17420BFBA}"
EndProject
Global
	GlobalSection(SolutionConfigurationPlatforms) = preSolution
		Debug|Any CPU = Debug|Any CPU
		Release|Any CPU = Release|Any CPU
	EndGlobalSection
	GlobalSection(ProjectConfigurationPlatforms) = postSolution
		{501DF3E7-543C-4C02-A6A3-5FA17420BFBA}.Debug|Any CPU.ActiveCfg = Debug|Any CPU
		{501DF3E7-543C-4C02-A6A3-5FA17420BFBA}.Debug|Any CPU.Build.0 = Debug|Any CPU
		{501DF3E7-543C-4C02-A6A3-5FA17420BFBA}.Release|Any CPU.ActiveCfg = Release|Any CPU
		{501DF3E7-543C-4C02-A6A3-5FA17420BFBA}.Release|Any CPU.Build.0 = Release|Any CPU
	EndGlobalSection
	GlobalSection(SolutionProperties) = preSolution
		HideSolutionNode = FALSE
	EndGlobalSection
	GlobalSection(ExtensibilityGlobals) = postSolution
		SolutionGuid = {B3694996-8901-4940-8C33-B1212E8DC6B2}
	EndGlobalSection
EndGlobal
